// !$*UTF8*$!
{
	archiveVersion = 1;
	classes = {
	};
	objectVersion = 55;
	objects = {

/* Begin PBXBuildFile section */
		3FB29BF42822A344007A3370 /* AppDelegate.swift in Sources */ = {isa = PBXBuildFile; fileRef = 3FB29BF32822A344007A3370 /* AppDelegate.swift */; };
		3FB29BF62822A344007A3370 /* SceneDelegate.swift in Sources */ = {isa = PBXBuildFile; fileRef = 3FB29BF52822A344007A3370 /* SceneDelegate.swift */; };
		3FB29BF82822A344007A3370 /* SigninViewController.swift in Sources */ = {isa = PBXBuildFile; fileRef = 3FB29BF72822A344007A3370 /* SigninViewController.swift */; };
		3FB29BFB2822A344007A3370 /* Main.storyboard in Resources */ = {isa = PBXBuildFile; fileRef = 3FB29BF92822A344007A3370 /* Main.storyboard */; };
		3FB29BFD2822A345007A3370 /* Assets.xcassets in Resources */ = {isa = PBXBuildFile; fileRef = 3FB29BFC2822A345007A3370 /* Assets.xcassets */; };
		3FB29C002822A345007A3370 /* LaunchScreen.storyboard in Resources */ = {isa = PBXBuildFile; fileRef = 3FB29BFE2822A345007A3370 /* LaunchScreen.storyboard */; };
		3FB29C332822B96B007A3370 /* Alegreya-Bold.ttf in Resources */ = {isa = PBXBuildFile; fileRef = 3FB29C282822B96A007A3370 /* Alegreya-Bold.ttf */; };
		3FB29C342822B96B007A3370 /* Alegreya-ExtraBoldItalic.ttf in Resources */ = {isa = PBXBuildFile; fileRef = 3FB29C292822B96A007A3370 /* Alegreya-ExtraBoldItalic.ttf */; };
		3FB29C352822B96B007A3370 /* Alegreya-Italic.ttf in Resources */ = {isa = PBXBuildFile; fileRef = 3FB29C2A2822B96A007A3370 /* Alegreya-Italic.ttf */; };
		3FB29C362822B96B007A3370 /* Alegreya-MediumItalic.ttf in Resources */ = {isa = PBXBuildFile; fileRef = 3FB29C2B2822B96A007A3370 /* Alegreya-MediumItalic.ttf */; };
		3FB29C372822B96B007A3370 /* Alegreya-Regular.ttf in Resources */ = {isa = PBXBuildFile; fileRef = 3FB29C2C2822B96A007A3370 /* Alegreya-Regular.ttf */; };
		3FB29C382822B96B007A3370 /* OFL.txt in Resources */ = {isa = PBXBuildFile; fileRef = 3FB29C2D2822B96A007A3370 /* OFL.txt */; };
		3FB29C392822B96B007A3370 /* Alegreya-Medium.ttf in Resources */ = {isa = PBXBuildFile; fileRef = 3FB29C2E2822B96A007A3370 /* Alegreya-Medium.ttf */; };
		3FB29C3A2822B96B007A3370 /* Alegreya-Black.ttf in Resources */ = {isa = PBXBuildFile; fileRef = 3FB29C2F2822B96A007A3370 /* Alegreya-Black.ttf */; };
		3FB29C3B2822B96B007A3370 /* Alegreya-ExtraBold.ttf in Resources */ = {isa = PBXBuildFile; fileRef = 3FB29C302822B96B007A3370 /* Alegreya-ExtraBold.ttf */; };
		3FB29C3C2822B96B007A3370 /* Alegreya-BoldItalic.ttf in Resources */ = {isa = PBXBuildFile; fileRef = 3FB29C312822B96B007A3370 /* Alegreya-BoldItalic.ttf */; };
		3FB29C3D2822B96B007A3370 /* Alegreya-BlackItalic.ttf in Resources */ = {isa = PBXBuildFile; fileRef = 3FB29C322822B96B007A3370 /* Alegreya-BlackItalic.ttf */; };
/* End PBXBuildFile section */

/* Begin PBXFileReference section */
		3FB29BF02822A344007A3370 /* application.app */ = {isa = PBXFileReference; explicitFileType = wrapper.application; includeInIndex = 0; path = application.app; sourceTree = BUILT_PRODUCTS_DIR; };
		3FB29BF32822A344007A3370 /* AppDelegate.swift */ = {isa = PBXFileReference; lastKnownFileType = sourcecode.swift; path = AppDelegate.swift; sourceTree = "<group>"; };
		3FB29BF52822A344007A3370 /* SceneDelegate.swift */ = {isa = PBXFileReference; lastKnownFileType = sourcecode.swift; path = SceneDelegate.swift; sourceTree = "<group>"; };
		3FB29BF72822A344007A3370 /* SigninViewController.swift */ = {isa = PBXFileReference; lastKnownFileType = sourcecode.swift; path = SigninViewController.swift; sourceTree = "<group>"; };
		3FB29BFA2822A344007A3370 /* Base */ = {isa = PBXFileReference; lastKnownFileType = file.storyboard; name = Base; path = Base.lproj/Main.storyboard; sourceTree = "<group>"; };
		3FB29BFC2822A345007A3370 /* Assets.xcassets */ = {isa = PBXFileReference; lastKnownFileType = folder.assetcatalog; path = Assets.xcassets; sourceTree = "<group>"; };
		3FB29BFF2822A345007A3370 /* Base */ = {isa = PBXFileReference; lastKnownFileType = file.storyboard; name = Base; path = Base.lproj/LaunchScreen.storyboard; sourceTree = "<group>"; };
		3FB29C012822A345007A3370 /* Info.plist */ = {isa = PBXFileReference; lastKnownFileType = text.plist.xml; path = Info.plist; sourceTree = "<group>"; };
		3FB29C282822B96A007A3370 /* Alegreya-Bold.ttf */ = {isa = PBXFileReference; lastKnownFileType = file; path = "Alegreya-Bold.ttf"; sourceTree = "<group>"; };
		3FB29C292822B96A007A3370 /* Alegreya-ExtraBoldItalic.ttf */ = {isa = PBXFileReference; lastKnownFileType = file; path = "Alegreya-ExtraBoldItalic.ttf"; sourceTree = "<group>"; };
		3FB29C2A2822B96A007A3370 /* Alegreya-Italic.ttf */ = {isa = PBXFileReference; lastKnownFileType = file; path = "Alegreya-Italic.ttf"; sourceTree = "<group>"; };
		3FB29C2B2822B96A007A3370 /* Alegreya-MediumItalic.ttf */ = {isa = PBXFileReference; lastKnownFileType = file; path = "Alegreya-MediumItalic.ttf"; sourceTree = "<group>"; };
		3FB29C2C2822B96A007A3370 /* Alegreya-Regular.ttf */ = {isa = PBXFileReference; lastKnownFileType = file; path = "Alegreya-Regular.ttf"; sourceTree = "<group>"; };
		3FB29C2D2822B96A007A3370 /* OFL.txt */ = {isa = PBXFileReference; fileEncoding = 4; lastKnownFileType = text; path = OFL.txt; sourceTree = "<group>"; };
		3FB29C2E2822B96A007A3370 /* Alegreya-Medium.ttf */ = {isa = PBXFileReference; lastKnownFileType = file; path = "Alegreya-Medium.ttf"; sourceTree = "<group>"; };
		3FB29C2F2822B96A007A3370 /* Alegreya-Black.ttf */ = {isa = PBXFileReference; lastKnownFileType = file; path = "Alegreya-Black.ttf"; sourceTree = "<group>"; };
		3FB29C302822B96B007A3370 /* Alegreya-ExtraBold.ttf */ = {isa = PBXFileReference; lastKnownFileType = file; path = "Alegreya-ExtraBold.ttf"; sourceTree = "<group>"; };
		3FB29C312822B96B007A3370 /* Alegreya-BoldItalic.ttf */ = {isa = PBXFileReference; lastKnownFileType = file; path = "Alegreya-BoldItalic.ttf"; sourceTree = "<group>"; };
		3FB29C322822B96B007A3370 /* Alegreya-BlackItalic.ttf */ = {isa = PBXFileReference; lastKnownFileType = file; path = "Alegreya-BlackItalic.ttf"; sourceTree = "<group>"; };
/* End PBXFileReference section */

/* Begin PBXFrameworksBuildPhase section */
		3FB29BED2822A344007A3370 /* Frameworks */ = {
			isa = PBXFrameworksBuildPhase;
			buildActionMask = 2147483647;
			files = (
			);
			runOnlyForDeploymentPostprocessing = 0;
		};
/* End PBXFrameworksBuildPhase section */

/* Begin PBXGroup section */
		3FB29BE72822A344007A3370 = {
			isa = PBXGroup;
			children = (
				3FB29BF22822A344007A3370 /* application */,
				3FB29BF12822A344007A3370 /* Products */,
			);
			sourceTree = "<group>";
		};
		3FB29BF12822A344007A3370 /* Products */ = {
			isa = PBXGroup;
			children = (
				3FB29BF02822A344007A3370 /* application.app */,
			);
			name = Products;
			sourceTree = "<group>";
		};
		3FB29BF22822A344007A3370 /* application */ = {
			isa = PBXGroup;
			children = (
				3FB29BF32822A344007A3370 /* AppDelegate.swift */,
				3FB29BF52822A344007A3370 /* SceneDelegate.swift */,
				3FB29BF72822A344007A3370 /* SigninViewController.swift */,
				3FB29C272822B94C007A3370 /* Fonts */,
				3FB29BFC2822A345007A3370 /* Assets.xcassets */,
				3FB29BFE2822A345007A3370 /* LaunchScreen.storyboard */,
				3FB29C012822A345007A3370 /* Info.plist */,
				3FB29BF92822A344007A3370 /* Main.storyboard */,
			);
			path = application;
			sourceTree = "<group>";
		};
		3FB29C272822B94C007A3370 /* Fonts */ = {
			isa = PBXGroup;
			children = (
				3FB29C2F2822B96A007A3370 /* Alegreya-Black.ttf */,
				3FB29C322822B96B007A3370 /* Alegreya-BlackItalic.ttf */,
				3FB29C282822B96A007A3370 /* Alegreya-Bold.ttf */,
				3FB29C312822B96B007A3370 /* Alegreya-BoldItalic.ttf */,
				3FB29C302822B96B007A3370 /* Alegreya-ExtraBold.ttf */,
				3FB29C292822B96A007A3370 /* Alegreya-ExtraBoldItalic.ttf */,
				3FB29C2A2822B96A007A3370 /* Alegreya-Italic.ttf */,
				3FB29C2E2822B96A007A3370 /* Alegreya-Medium.ttf */,
				3FB29C2B2822B96A007A3370 /* Alegreya-MediumItalic.ttf */,
				3FB29C2C2822B96A007A3370 /* Alegreya-Regular.ttf */,
				3FB29C2D2822B96A007A3370 /* OFL.txt */,
			);
			path = Fonts;
			sourceTree = "<group>";
		};
/* End PBXGroup section */

/* Begin PBXNativeTarget section */
		3FB29BEF2822A344007A3370 /* application */ = {
			isa = PBXNativeTarget;
			buildConfigurationList = 3FB29C042822A345007A3370 /* Build configuration list for PBXNativeTarget "application" */;
			buildPhases = (
				3FB29BEC2822A344007A3370 /* Sources */,
				3FB29BED2822A344007A3370 /* Frameworks */,
				3FB29BEE2822A344007A3370 /* Resources */,
			);
			buildRules = (
			);
			dependencies = (
			);
			name = application;
			productName = application;
			productReference = 3FB29BF02822A344007A3370 /* application.app */;
			productType = "com.apple.product-type.application";
		};
/* End PBXNativeTarget section */

/* Begin PBXProject section */
		3FB29BE82822A344007A3370 /* Project object */ = {
			isa = PBXProject;
			attributes = {
				BuildIndependentTargetsInParallel = 1;
				LastSwiftUpdateCheck = 1310;
				LastUpgradeCheck = 1310;
				TargetAttributes = {
					3FB29BEF2822A344007A3370 = {
						CreatedOnToolsVersion = 13.1;
					};
				};
			};
			buildConfigurationList = 3FB29BEB2822A344007A3370 /* Build configuration list for PBXProject "application" */;
			compatibilityVersion = "Xcode 13.0";
			developmentRegion = en;
			hasScannedForEncodings = 0;
			knownRegions = (
				en,
				Base,
			);
			mainGroup = 3FB29BE72822A344007A3370;
			productRefGroup = 3FB29BF12822A344007A3370 /* Products */;
			projectDirPath = "";
			projectRoot = "";
			targets = (
				3FB29BEF2822A344007A3370 /* application */,
			);
		};
/* End PBXProject section */

/* Begin PBXResourcesBuildPhase section */
		3FB29BEE2822A344007A3370 /* Resources */ = {
			isa = PBXResourcesBuildPhase;
			buildActionMask = 2147483647;
			files = (
				3FB29C352822B96B007A3370 /* Alegreya-Italic.ttf in Resources */,
				3FB29C3A2822B96B007A3370 /* Alegreya-Black.ttf in Resources */,
				3FB29C372822B96B007A3370 /* Alegreya-Regular.ttf in Resources */,
				3FB29C002822A345007A3370 /* LaunchScreen.storyboard in Resources */,
				3FB29C3C2822B96B007A3370 /* Alegreya-BoldItalic.ttf in Resources */,
				3FB29C392822B96B007A3370 /* Alegreya-Medium.ttf in Resources */,
				3FB29C382822B96B007A3370 /* OFL.txt in Resources */,
				3FB29C3B2822B96B007A3370 /* Alegreya-ExtraBold.ttf in Resources */,
				3FB29C332822B96B007A3370 /* Alegreya-Bold.ttf in Resources */,
				3FB29BFD2822A345007A3370 /* Assets.xcassets in Resources */,
				3FB29C342822B96B007A3370 /* Alegreya-ExtraBoldItalic.ttf in Resources */,
				3FB29C362822B96B007A3370 /* Alegreya-MediumItalic.ttf in Resources */,
				3FB29C3D2822B96B007A3370 /* Alegreya-BlackItalic.ttf in Resources */,
				3FB29BFB2822A344007A3370 /* Main.storyboard in Resources */,
			);
			runOnlyForDeploymentPostprocessing = 0;
		};
/* End PBXResourcesBuildPhase section */

/* Begin PBXSourcesBuildPhase section */
		3FB29BEC2822A344007A3370 /* Sources */ = {
			isa = PBXSourcesBuildPhase;
			buildActionMask = 2147483647;
			files = (
				3FB29BF82822A344007A3370 /* SigninViewController.swift in Sources */,
				3FB29BF42822A344007A3370 /* AppDelegate.swift in Sources */,
				3FB29BF62822A344007A3370 /* SceneDelegate.swift in Sources */,
			);
			runOnlyForDeploymentPostprocessing = 0;
		};
/* End PBXSourcesBuildPhase section */

/* Begin PBXVariantGroup section */
		3FB29BF92822A344007A3370 /* Main.storyboard */ = {
			isa = PBXVariantGroup;
			children = (
				3FB29BFA2822A344007A3370 /* Base */,
			);
			name = Main.storyboard;
			sourceTree = "<group>";
		};
		3FB29BFE2822A345007A3370 /* LaunchScreen.storyboard */ = {
			isa = PBXVariantGroup;
			children = (
				3FB29BFF2822A345007A3370 /* Base */,
			);
			name = LaunchScreen.storyboard;
			sourceTree = "<group>";
		};
/* End PBXVariantGroup section */

/* Begin XCBuildConfiguration section */
		3FB29C022822A345007A3370 /* Debug */ = {
			isa = XCBuildConfiguration;
			buildSettings = {
				ALWAYS_SEARCH_USER_PATHS = NO;
				CLANG_ANALYZER_NONNULL = YES;
				CLANG_ANALYZER_NUMBER_OBJECT_CONVERSION = YES_AGGRESSIVE;
				CLANG_CXX_LANGUAGE_STANDARD = "gnu++17";
				CLANG_CXX_LIBRARY = "libc++";
				CLANG_ENABLE_MODULES = YES;
				CLANG_ENABLE_OBJC_ARC = YES;
				CLANG_ENABLE_OBJC_WEAK = YES;
				CLANG_WARN_BLOCK_CAPTURE_AUTORELEASING = YES;
				CLANG_WARN_BOOL_CONVERSION = YES;
				CLANG_WARN_COMMA = YES;
				CLANG_WARN_CONSTANT_CONVERSION = YES;
				CLANG_WARN_DEPRECATED_OBJC_IMPLEMENTATIONS = YES;
				CLANG_WARN_DIRECT_OBJC_ISA_USAGE = YES_ERROR;
				CLANG_WARN_DOCUMENTATION_COMMENTS = YES;
				CLANG_WARN_EMPTY_BODY = YES;
				CLANG_WARN_ENUM_CONVERSION = YES;
				CLANG_WARN_INFINITE_RECURSION = YES;
				CLANG_WARN_INT_CONVERSION = YES;
				CLANG_WARN_NON_LITERAL_NULL_CONVERSION = YES;
				CLANG_WARN_OBJC_IMPLICIT_RETAIN_SELF = YES;
				CLANG_WARN_OBJC_LITERAL_CONVERSION = YES;
				CLANG_WARN_OBJC_ROOT_CLASS = YES_ERROR;
				CLANG_WARN_QUOTED_INCLUDE_IN_FRAMEWORK_HEADER = YES;
				CLANG_WARN_RANGE_LOOP_ANALYSIS = YES;
				CLANG_WARN_STRICT_PROTOTYPES = YES;
				CLANG_WARN_SUSPICIOUS_MOVE = YES;
				CLANG_WARN_UNGUARDED_AVAILABILITY = YES_AGGRESSIVE;
				CLANG_WARN_UNREACHABLE_CODE = YES;
				CLANG_WARN__DUPLICATE_METHOD_MATCH = YES;
				COPY_PHASE_STRIP = NO;
				DEBUG_INFORMATION_FORMAT = dwarf;
				ENABLE_STRICT_OBJC_MSGSEND = YES;
				ENABLE_TESTABILITY = YES;
				GCC_C_LANGUAGE_STANDARD = gnu11;
				GCC_DYNAMIC_NO_PIC = NO;
				GCC_NO_COMMON_BLOCKS = YES;
				GCC_OPTIMIZATION_LEVEL = 0;
				GCC_PREPROCESSOR_DEFINITIONS = (
					"DEBUG=1",
					"$(inherited)",
				);
				GCC_WARN_64_TO_32_BIT_CONVERSION = YES;
				GCC_WARN_ABOUT_RETURN_TYPE = YES_ERROR;
				GCC_WARN_UNDECLARED_SELECTOR = YES;
				GCC_WARN_UNINITIALIZED_AUTOS = YES_AGGRESSIVE;
				GCC_WARN_UNUSED_FUNCTION = YES;
				GCC_WARN_UNUSED_VARIABLE = YES;
				IPHONEOS_DEPLOYMENT_TARGET = 15.0;
				MTL_ENABLE_DEBUG_INFO = INCLUDE_SOURCE;
				MTL_FAST_MATH = YES;
				ONLY_ACTIVE_ARCH = YES;
				SDKROOT = iphoneos;
				SWIFT_ACTIVE_COMPILATION_CONDITIONS = DEBUG;
				SWIFT_OPTIMIZATION_LEVEL = "-Onone";
			};
			name = Debug;
		};
		3FB29C032822A345007A3370 /* Release */ = {
			isa = XCBuildConfiguration;
			buildSettings = {
				ALWAYS_SEARCH_USER_PATHS = NO;
				CLANG_ANALYZER_NONNULL = YES;
				CLANG_ANALYZER_NUMBER_OBJECT_CONVERSION = YES_AGGRESSIVE;
				CLANG_CXX_LANGUAGE_STANDARD = "gnu++17";
				CLANG_CXX_LIBRARY = "libc++";
				CLANG_ENABLE_MODULES = YES;
				CLANG_ENABLE_OBJC_ARC = YES;
				CLANG_ENABLE_OBJC_WEAK = YES;
				CLANG_WARN_BLOCK_CAPTURE_AUTORELEASING = YES;
				CLANG_WARN_BOOL_CONVERSION = YES;
				CLANG_WARN_COMMA = YES;
				CLANG_WARN_CONSTANT_CONVERSION = YES;
				CLANG_WARN_DEPRECATED_OBJC_IMPLEMENTATIONS = YES;
				CLANG_WARN_DIRECT_OBJC_ISA_USAGE = YES_ERROR;
				CLANG_WARN_DOCUMENTATION_COMMENTS = YES;
				CLANG_WARN_EMPTY_BODY = YES;
				CLANG_WARN_ENUM_CONVERSION = YES;
				CLANG_WARN_INFINITE_RECURSION = YES;
				CLANG_WARN_INT_CONVERSION = YES;
				CLANG_WARN_NON_LITERAL_NULL_CONVERSION = YES;
				CLANG_WARN_OBJC_IMPLICIT_RETAIN_SELF = YES;
				CLANG_WARN_OBJC_LITERAL_CONVERSION = YES;
				CLANG_WARN_OBJC_ROOT_CLASS = YES_ERROR;
				CLANG_WARN_QUOTED_INCLUDE_IN_FRAMEWORK_HEADER = YES;
				CLANG_WARN_RANGE_LOOP_ANALYSIS = YES;
				CLANG_WARN_STRICT_PROTOTYPES = YES;
				CLANG_WARN_SUSPICIOUS_MOVE = YES;
				CLANG_WARN_UNGUARDED_AVAILABILITY = YES_AGGRESSIVE;
				CLANG_WARN_UNREACHABLE_CODE = YES;
				CLANG_WARN__DUPLICATE_METHOD_MATCH = YES;
				COPY_PHASE_STRIP = NO;
				DEBUG_INFORMATION_FORMAT = "dwarf-with-dsym";
				ENABLE_NS_ASSERTIONS = NO;
				ENABLE_STRICT_OBJC_MSGSEND = YES;
				GCC_C_LANGUAGE_STANDARD = gnu11;
				GCC_NO_COMMON_BLOCKS = YES;
				GCC_WARN_64_TO_32_BIT_CONVERSION = YES;
				GCC_WARN_ABOUT_RETURN_TYPE = YES_ERROR;
				GCC_WARN_UNDECLARED_SELECTOR = YES;
				GCC_WARN_UNINITIALIZED_AUTOS = YES_AGGRESSIVE;
				GCC_WARN_UNUSED_FUNCTION = YES;
				GCC_WARN_UNUSED_VARIABLE = YES;
				IPHONEOS_DEPLOYMENT_TARGET = 15.0;
				MTL_ENABLE_DEBUG_INFO = NO;
				MTL_FAST_MATH = YES;
				SDKROOT = iphoneos;
				SWIFT_COMPILATION_MODE = wholemodule;
				SWIFT_OPTIMIZATION_LEVEL = "-O";
				VALIDATE_PRODUCT = YES;
			};
			name = Release;
		};
		3FB29C052822A345007A3370 /* Debug */ = {
			isa = XCBuildConfiguration;
			buildSettings = {
				ASSETCATALOG_COMPILER_APPICON_NAME = AppIcon;
				ASSETCATALOG_COMPILER_GLOBAL_ACCENT_COLOR_NAME = AccentColor;
				CODE_SIGN_STYLE = Automatic;
				CURRENT_PROJECT_VERSION = 1;
				GENERATE_INFOPLIST_FILE = YES;
				INFOPLIST_FILE = application/Info.plist;
				INFOPLIST_KEY_UIApplicationSupportsIndirectInputEvents = YES;
				INFOPLIST_KEY_UILaunchStoryboardName = LaunchScreen;
				INFOPLIST_KEY_UIMainStoryboardFile = Main;
				INFOPLIST_KEY_UISupportedInterfaceOrientations_iPad = "UIInterfaceOrientationPortrait UIInterfaceOrientationPortraitUpsideDown UIInterfaceOrientationLandscapeLeft UIInterfaceOrientationLandscapeRight";
				INFOPLIST_KEY_UISupportedInterfaceOrientations_iPhone = "UIInterfaceOrientationPortrait UIInterfaceOrientationLandscapeLeft UIInterfaceOrientationLandscapeRight";
				LD_RUNPATH_SEARCH_PATHS = (
					"$(inherited)",
					"@executable_path/Frameworks",
				);
				MARKETING_VERSION = 1.0;
				PRODUCT_BUNDLE_IDENTIFIER = ru.amezhenkoalina.application;
				PRODUCT_NAME = "$(TARGET_NAME)";
				SWIFT_EMIT_LOC_STRINGS = YES;
				SWIFT_VERSION = 5.0;
				TARGETED_DEVICE_FAMILY = "1,2";
			};
			name = Debug;
		};
		3FB29C062822A345007A3370 /* Release */ = {
			isa = XCBuildConfiguration;
			buildSettings = {
				ASSETCATALOG_COMPILER_APPICON_NAME = AppIcon;
				ASSETCATALOG_COMPILER_GLOBAL_ACCENT_COLOR_NAME = AccentColor;
				CODE_SIGN_STYLE = Automatic;
				CURRENT_PROJECT_VERSION = 1;
				GENERATE_INFOPLIST_FILE = YES;
				INFOPLIST_FILE = application/Info.plist;
				INFOPLIST_KEY_UIApplicationSupportsIndirectInputEvents = YES;
				INFOPLIST_KEY_UILaunchStoryboardName = LaunchScreen;
				INFOPLIST_KEY_UIMainStoryboardFile = Main;
				INFOPLIST_KEY_UISupportedInterfaceOrientations_iPad = "UIInterfaceOrientationPortrait UIInterfaceOrientationPortraitUpsideDown UIInterfaceOrientationLandscapeLeft UIInterfaceOrientationLandscapeRight";
				INFOPLIST_KEY_UISupportedInterfaceOrientations_iPhone = "UIInterfaceOrientationPortrait UIInterfaceOrientationLandscapeLeft UIInterfaceOrientationLandscapeRight";
				LD_RUNPATH_SEARCH_PATHS = (
					"$(inherited)",
					"@executable_path/Frameworks",
				);
				MARKETING_VERSION = 1.0;
				PRODUCT_BUNDLE_IDENTIFIER = ru.amezhenkoalina.application;
				PRODUCT_NAME = "$(TARGET_NAME)";
				SWIFT_EMIT_LOC_STRINGS = YES;
				SWIFT_VERSION = 5.0;
				TARGETED_DEVICE_FAMILY = "1,2";
			};
			name = Release;
		};
/* End XCBuildConfiguration section */

/* Begin XCConfigurationList section */
		3FB29BEB2822A344007A3370 /* Build configuration list for PBXProject "application" */ = {
			isa = XCConfigurationList;
			buildConfigurations = (
				3FB29C022822A345007A3370 /* Debug */,
				3FB29C032822A345007A3370 /* Release */,
			);
			defaultConfigurationIsVisible = 0;
			defaultConfigurationName = Release;
		};
		3FB29C042822A345007A3370 /* Build configuration list for PBXNativeTarget "application" */ = {
			isa = XCConfigurationList;
			buildConfigurations = (
				3FB29C052822A345007A3370 /* Debug */,
				3FB29C062822A345007A3370 /* Release */,
			);
			defaultConfigurationIsVisible = 0;
			defaultConfigurationName = Release;
		};
/* End XCConfigurationList section */
	};
	rootObject = 3FB29BE82822A344007A3370 /* Project object */;
}
